
Microsoft Visual Studio Solution File, Format Version 12.00
# Visual Studio Version 17
VisualStudioVersion = 17.10.35013.160
MinimumVisualStudioVersion = 10.0.40219.1
Project("{FAE04EC0-301F-11D3-BF4B-00C04F79EFBC}") = "RealEstates.Data", "RealEstates.Data\RealEstates.Data.csproj", "{080F8EC7-38B2-4042-A0F6-118B4865DB7D}"
EndProject
Project("{FAE04EC0-301F-11D3-BF4B-00C04F79EFBC}") = "RealEstates.Models", "RealEstates.Models\RealEstates.Models.csproj", "{329B38DE-883F-4CF9-A793-EC047DBC57E5}"
EndProject
Project("{FAE04EC0-301F-11D3-BF4B-00C04F79EFBC}") = "RealEstates.Services", "RealEstates.Services\RealEstates.Services.csproj", "{7F08065F-21C4-411D-AE67-96140521F438}"
EndProject
Project("{FAE04EC0-301F-11D3-BF4B-00C04F79EFBC}") = "RealEstates.Importer", "RealEstates.Importer\RealEstates.Importer.csproj", "{6539B78D-9D1B-4888-9921-DBB51F23390D}"
EndProject
Project("{FAE04EC0-301F-11D3-BF4B-00C04F79EFBC}") = "RealEstates.ConsoleApplication", "RealEstates.ConsoleApplication\RealEstates.ConsoleApplication.csproj", "{48D63766-FE97-464E-9A71-DAD6BFF79B35}"
EndProject
Global
	GlobalSection(SolutionConfigurationPlatforms) = preSolution
		Debug|Any CPU = Debug|Any CPU
		Release|Any CPU = Release|Any CPU
	EndGlobalSection
	GlobalSection(ProjectConfigurationPlatforms) = postSolution
		{080F8EC7-38B2-4042-A0F6-118B4865DB7D}.Debug|Any CPU.ActiveCfg = Debug|Any CPU
		{080F8EC7-38B2-4042-A0F6-118B4865DB7D}.Debug|Any CPU.Build.0 = Debug|Any CPU
		{080F8EC7-38B2-4042-A0F6-118B4865DB7D}.Release|Any CPU.ActiveCfg = Release|Any CPU
		{080F8EC7-38B2-4042-A0F6-118B4865DB7D}.Release|Any CPU.Build.0 = Release|Any CPU
		{329B38DE-883F-4CF9-A793-EC047DBC57E5}.Debug|Any CPU.ActiveCfg = Debug|Any CPU
		{329B38DE-883F-4CF9-A793-EC047DBC57E5}.Debug|Any CPU.Build.0 = Debug|Any CPU
		{329B38DE-883F-4CF9-A793-EC047DBC57E5}.Release|Any CPU.ActiveCfg = Release|Any CPU
		{329B38DE-883F-4CF9-A793-EC047DBC57E5}.Release|Any CPU.Build.0 = Release|Any CPU
		{7F08065F-21C4-411D-AE67-96140521F438}.Debug|Any CPU.ActiveCfg = Debug|Any CPU
		{7F08065F-21C4-411D-AE67-96140521F438}.Debug|Any CPU.Build.0 = Debug|Any CPU
		{7F08065F-21C4-411D-AE67-96140521F438}.Release|Any CPU.ActiveCfg = Release|Any CPU
		{7F08065F-21C4-411D-AE67-96140521F438}.Release|Any CPU.Build.0 = Release|Any CPU
		{6539B78D-9D1B-4888-9921-DBB51F23390D}.Debug|Any CPU.ActiveCfg = Debug|Any CPU
		{6539B78D-9D1B-4888-9921-DBB51F23390D}.Debug|Any CPU.Build.0 = Debug|Any CPU
		{6539B78D-9D1B-4888-9921-DBB51F23390D}.Release|Any CPU.ActiveCfg = Release|Any CPU
		{6539B78D-9D1B-4888-9921-DBB51F23390D}.Release|Any CPU.Build.0 = Release|Any CPU
		{48D63766-FE97-464E-9A71-DAD6BFF79B35}.Debug|Any CPU.ActiveCfg = Debug|Any CPU
		{48D63766-FE97-464E-9A71-DAD6BFF79B35}.Debug|Any CPU.Build.0 = Debug|Any CPU
		{48D63766-FE97-464E-9A71-DAD6BFF79B35}.Release|Any CPU.ActiveCfg = Release|Any CPU
		{48D63766-FE97-464E-9A71-DAD6BFF79B35}.Release|Any CPU.Build.0 = Release|Any CPU
	EndGlobalSection
	GlobalSection(SolutionProperties) = preSolution
		HideSolutionNode = FALSE
	EndGlobalSection
	GlobalSection(ExtensibilityGlobals) = postSolution
		SolutionGuid = {46D168A8-DFED-4CC9-9703-2949162C8B60}
	EndGlobalSection
EndGlobal
