
Microsoft Visual Studio Solution File, Format Version 12.00
# Visual Studio Version 17
VisualStudioVersion = 17.8.34316.72
MinimumVisualStudioVersion = 10.0.40219.1
Project("{9A19103F-16F7-4668-BE54-9A1E7A4F7556}") = "NauticalCatchChallenge", "NauticalCatchChallenge.csproj", "{D66DF6C8-71A9-4E1B-9B86-94EE8BEA0AF1}"
EndProject
Global
	GlobalSection(SolutionConfigurationPlatforms) = preSolution
		Debug|Any CPU = Debug|Any CPU
		Release|Any CPU = Release|Any CPU
	EndGlobalSection
	GlobalSection(ProjectConfigurationPlatforms) = postSolution
		{D66DF6C8-71A9-4E1B-9B86-94EE8BEA0AF1}.Debug|Any CPU.ActiveCfg = Debug|Any CPU
		{D66DF6C8-71A9-4E1B-9B86-94EE8BEA0AF1}.Debug|Any CPU.Build.0 = Debug|Any CPU
		{D66DF6C8-71A9-4E1B-9B86-94EE8BEA0AF1}.Release|Any CPU.ActiveCfg = Release|Any CPU
		{D66DF6C8-71A9-4E1B-9B86-94EE8BEA0AF1}.Release|Any CPU.Build.0 = Release|Any CPU
	EndGlobalSection
	GlobalSection(SolutionProperties) = preSolution
		HideSolutionNode = FALSE
	EndGlobalSection
	GlobalSection(ExtensibilityGlobals) = postSolution
		SolutionGuid = {A74D9810-F752-4B94-B997-0A6158F07005}
	EndGlobalSection
EndGlobal
