
Microsoft Visual Studio Solution File, Format Version 12.00
# Visual Studio Version 17
VisualStudioVersion = 17.11.35222.181
MinimumVisualStudioVersion = 10.0.40219.1
Project("{9A19103F-16F7-4668-BE54-9A1E7A4F7556}") = "MyWebServer.App", "MyWebServer.App\MyWebServer.App.csproj", "{380E8FC8-0D4D-4A4D-9820-83298FD99B8D}"
EndProject
Project("{9A19103F-16F7-4668-BE54-9A1E7A4F7556}") = "MyWebServer", "MyWebServer\MyWebServer.csproj", "{9C8126C5-AAF6-464B-8E8A-CA7724CA8A4F}"
EndProject
Project("{FAE04EC0-301F-11D3-BF4B-00C04F79EFBC}") = "CarShop", "CarShop\CarShop.csproj", "{62984FE6-0F85-4E82-8BB7-398835923092}"
EndProject
Global
	GlobalSection(SolutionConfigurationPlatforms) = preSolution
		Debug|Any CPU = Debug|Any CPU
		Release|Any CPU = Release|Any CPU
	EndGlobalSection
	GlobalSection(ProjectConfigurationPlatforms) = postSolution
		{380E8FC8-0D4D-4A4D-9820-83298FD99B8D}.Debug|Any CPU.ActiveCfg = Debug|Any CPU
		{380E8FC8-0D4D-4A4D-9820-83298FD99B8D}.Debug|Any CPU.Build.0 = Debug|Any CPU
		{380E8FC8-0D4D-4A4D-9820-83298FD99B8D}.Release|Any CPU.ActiveCfg = Release|Any CPU
		{380E8FC8-0D4D-4A4D-9820-83298FD99B8D}.Release|Any CPU.Build.0 = Release|Any CPU
		{9C8126C5-AAF6-464B-8E8A-CA7724CA8A4F}.Debug|Any CPU.ActiveCfg = Debug|Any CPU
		{9C8126C5-AAF6-464B-8E8A-CA7724CA8A4F}.Debug|Any CPU.Build.0 = Debug|Any CPU
		{9C8126C5-AAF6-464B-8E8A-CA7724CA8A4F}.Release|Any CPU.ActiveCfg = Release|Any CPU
		{9C8126C5-AAF6-464B-8E8A-CA7724CA8A4F}.Release|Any CPU.Build.0 = Release|Any CPU
		{62984FE6-0F85-4E82-8BB7-398835923092}.Debug|Any CPU.ActiveCfg = Debug|Any CPU
		{62984FE6-0F85-4E82-8BB7-398835923092}.Debug|Any CPU.Build.0 = Debug|Any CPU
		{62984FE6-0F85-4E82-8BB7-398835923092}.Release|Any CPU.ActiveCfg = Release|Any CPU
		{62984FE6-0F85-4E82-8BB7-398835923092}.Release|Any CPU.Build.0 = Release|Any CPU
	EndGlobalSection
	GlobalSection(SolutionProperties) = preSolution
		HideSolutionNode = FALSE
	EndGlobalSection
	GlobalSection(ExtensibilityGlobals) = postSolution
		SolutionGuid = {CBEF2004-FF60-4FC8-8A53-521C6EF9A391}
	EndGlobalSection
EndGlobal
